Microsoft Visual Studio Solution File, Format Version 12.00
# Visual Studio Version 17
VisualStudioVersion = 17.5.2.0
MinimumVisualStudioVersion = 10.0.40219.1
Project("{FAE04EC0-301F-11D3-BF4B-00C04F79EFBC}") = "HealthChecks.UI", "HealthChecks.UI.csproj", "{357B1388-201E-D723-929A-B4FCC431EFA7}"
EndProject
Global
	GlobalSection(SolutionConfigurationPlatforms) = preSolution
		Debug|Any CPU = Debug|Any CPU
		Release|Any CPU = Release|Any CPU
	EndGlobalSection
	GlobalSection(ProjectConfigurationPlatforms) = postSolution
		{357B1388-201E-D723-929A-B4FCC431EFA7}.Debug|Any CPU.ActiveCfg = Debug|Any CPU
		{357B1388-201E-D723-929A-B4FCC431EFA7}.Debug|Any CPU.Build.0 = Debug|Any CPU
		{357B1388-201E-D723-929A-B4FCC431EFA7}.Release|Any CPU.ActiveCfg = Release|Any CPU
		{357B1388-201E-D723-929A-B4FCC431EFA7}.Release|Any CPU.Build.0 = Release|Any CPU
	EndGlobalSection
	GlobalSection(SolutionProperties) = preSolution
		HideSolutionNode = FALSE
	EndGlobalSection
	GlobalSection(ExtensibilityGlobals) = postSolution
		SolutionGuid = {F79FC136-A1D1-446F-A701-E66082E21426}
	EndGlobalSection
EndGlobal
